{
  "name": "chordpro-converter",
  "version": "1.0.0",
  "lockfileVersion": 2,
  "requires": true,
  "packages": {
    "": {
      "name": "chordpro-converter",
      "version": "1.0.0",
      "license": "ISC",
      "dependencies": {
        "simplechordpro": "^1.0.1"
      }
    },
    "node_modules/simplechordpro": {
      "version": "1.0.1",
      "resolved": "https://registry.npmjs.org/simplechordpro/-/simplechordpro-1.0.1.tgz",
      "integrity": "sha512-PaPp3mlsnzGmcEzvmJFPsYz6c30PyrryBt2DzDD89G5/CpzNUfJHHDpJEs+I0S77f9yicDOYGsxkIqukb76+Tg=="
    }
  },
  "dependencies": {
    "simplechordpro": {
      "version": "1.0.1",
      "resolved": "https://registry.npmjs.org/simplechordpro/-/simplechordpro-1.0.1.tgz",
      "integrity": "sha512-PaPp3mlsnzGmcEzvmJFPsYz6c30PyrryBt2DzDD89G5/CpzNUfJHHDpJEs+I0S77f9yicDOYGsxkIqukb76+Tg=="
    }
  }
}
